{
  "version": "4",
  "redirects": {
    "https://deno.land/x/denoliver/mod.ts": "https://deno.land/x/denoliver@2.3.1/mod.ts"
  },
  "remote": {
    "https://deno.land/std@0.116.0/_util/assert.ts": "2f868145a042a11d5ad0a3c748dcf580add8a0dbc0e876eaa0026303a5488f58",
    "https://deno.land/std@0.116.0/_util/os.ts": "dfb186cc4e968c770ab6cc3288bd65f4871be03b93beecae57d657232ecffcac",
    "https://deno.land/std@0.116.0/async/deadline.ts": "1d6ac7aeaee22f75eb86e4e105d6161118aad7b41ae2dd14f4cfd3bf97472b93",
    "https://deno.land/std@0.116.0/async/debounce.ts": "b2f693e4baa16b62793fd618de6c003b63228db50ecfe3bd51fc5f6dc0bc264b",
    "https://deno.land/std@0.116.0/async/deferred.ts": "ab60d46ba561abb3b13c0c8085d05797a384b9f182935f051dc67136817acdee",
    "https://deno.land/std@0.116.0/async/delay.ts": "f2d8ccaa8ebc26594bd8b0989edfd8a96257a714c1dee2fb54d986e5bdd840ac",
    "https://deno.land/std@0.116.0/async/mod.ts": "78425176fabea7bd1046ce3819fd69ce40da85c83e0f174d17e8e224a91f7d10",
    "https://deno.land/std@0.116.0/async/mux_async_iterator.ts": "62abff3af9ff619e8f2adc96fc70d4ca020fa48a50c23c13f12d02ed2b760dbe",
    "https://deno.land/std@0.116.0/async/pool.ts": "353ce4f91865da203a097aa6f33de8966340c91b6f4a055611c8c5d534afd12f",
    "https://deno.land/std@0.116.0/async/tee.ts": "3e9f2ef6b36e55188de16a667c702ace4ad0cf84e3720379160e062bf27348ad",
    "https://deno.land/std@0.116.0/http/server.ts": "46f616eac1ca0ea7b9fce97102d185a3d97ae7d7d3bbd635b74cefe05ed1cb37",
    "https://deno.land/std@0.116.0/path/_constants.ts": "1247fee4a79b70c89f23499691ef169b41b6ccf01887a0abd131009c5581b853",
    "https://deno.land/std@0.116.0/path/_interface.ts": "1fa73b02aaa24867e481a48492b44f2598cd9dfa513c7b34001437007d3642e4",
    "https://deno.land/std@0.116.0/path/_util.ts": "2e06a3b9e79beaf62687196bd4b60a4c391d862cfa007a20fc3a39f778ba073b",
    "https://deno.land/std@0.116.0/path/common.ts": "f41a38a0719a1e85aa11c6ba3bea5e37c15dd009d705bd8873f94c833568cbc4",
    "https://deno.land/std@0.116.0/path/glob.ts": "ea87985765b977cc284b92771003b2070c440e0807c90e1eb0ff3e095911a820",
    "https://deno.land/std@0.116.0/path/mod.ts": "4465dc494f271b02569edbb4a18d727063b5dbd6ed84283ff906260970a15d12",
    "https://deno.land/std@0.116.0/path/posix.ts": "34349174b9cd121625a2810837a82dd8b986bbaaad5ade690d1de75bbb4555b2",
    "https://deno.land/std@0.116.0/path/separator.ts": "8fdcf289b1b76fd726a508f57d3370ca029ae6976fcde5044007f062e643ff1c",
    "https://deno.land/std@0.116.0/path/win32.ts": "11549e8c6df8307a8efcfa47ad7b2a75da743eac7d4c89c9723a944661c8bd2e",
    "https://deno.land/std@0.205.0/async/delay.ts": "a6142eb44cdd856b645086af2b811b1fcce08ec06bb7d50969e6a872ee9b8659",
    "https://deno.land/std@0.205.0/http/server.ts": "1aebcfb61a5918b15af128e32adbcea166fa28e02c53d544b41e39d2c6cfa24b",
    "https://deno.land/std@0.84.0/_util/assert.ts": "2f868145a042a11d5ad0a3c748dcf580add8a0dbc0e876eaa0026303a5488f58",
    "https://deno.land/std@0.84.0/_util/os.ts": "e282950a0eaa96760c0cf11e7463e66babd15ec9157d4c9ed49cc0925686f6a7",
    "https://deno.land/std@0.84.0/path/_constants.ts": "1247fee4a79b70c89f23499691ef169b41b6ccf01887a0abd131009c5581b853",
    "https://deno.land/std@0.84.0/path/_interface.ts": "1fa73b02aaa24867e481a48492b44f2598cd9dfa513c7b34001437007d3642e4",
    "https://deno.land/std@0.84.0/path/_util.ts": "f4fa69aa3cbbd8568763bfc43c7236875015ba343602d8bafd332b4b4243681b",
    "https://deno.land/std@0.84.0/path/common.ts": "eaf03d08b569e8a87e674e4e265e099f237472b6fd135b3cbeae5827035ea14a",
    "https://deno.land/std@0.84.0/path/glob.ts": "4a524c1c9da3e79a9fdabdc6e850cd9e41bdf31e442856ffa19c5b123268ca95",
    "https://deno.land/std@0.84.0/path/mod.ts": "4465dc494f271b02569edbb4a18d727063b5dbd6ed84283ff906260970a15d12",
    "https://deno.land/std@0.84.0/path/posix.ts": "1408f8ba482a4dc5fc0a7cd7be28bbbff9608d2b3b5ffdcf288ae1228d959add",
    "https://deno.land/std@0.84.0/path/separator.ts": "8fdcf289b1b76fd726a508f57d3370ca029ae6976fcde5044007f062e643ff1c",
    "https://deno.land/std@0.84.0/path/win32.ts": "6ca052f54500f00cd7a5172fde62900626ab620dcd5bdcf4e6f5695d001ddef6",
    "https://deno.land/std@0.97.0/_util/assert.ts": "2f868145a042a11d5ad0a3c748dcf580add8a0dbc0e876eaa0026303a5488f58",
    "https://deno.land/std@0.97.0/_util/has_own_property.ts": "f5edd94ed3f3c20c517d812045deb97977e18501c9b7105b5f5c11a31893d7a2",
    "https://deno.land/std@0.97.0/_util/os.ts": "e282950a0eaa96760c0cf11e7463e66babd15ec9157d4c9ed49cc0925686f6a7",
    "https://deno.land/std@0.97.0/async/deferred.ts": "624bef4b755b71394620508a0c234a93cb8020cbd1b04bfcdad41c174392cef6",
    "https://deno.land/std@0.97.0/async/delay.ts": "9de1d8d07d1927767ab7f82434b883f3d8294fb19cad819691a2ad81a728cf3d",
    "https://deno.land/std@0.97.0/async/mod.ts": "253b41c658d768613eacfb11caa0a9ca7148442f932018a45576f7f27554c853",
    "https://deno.land/std@0.97.0/async/mux_async_iterator.ts": "c405c4c1194f7600189aa81dfe243e165c27f36eaea88a301fa2a74ce974548b",
    "https://deno.land/std@0.97.0/async/pool.ts": "353ce4f91865da203a097aa6f33de8966340c91b6f4a055611c8c5d534afd12f",
    "https://deno.land/std@0.97.0/bytes/bytes_list.ts": "a13287edb03f19d27ba4927dec6d6de3e5bd46254cd4aee6f7e5815810122673",
    "https://deno.land/std@0.97.0/bytes/mod.ts": "1ae1ccfe98c4b979f12b015982c7444f81fcb921bea7aa215bf37d84f46e1e13",
    "https://deno.land/std@0.97.0/flags/mod.ts": "0994240ad009980e46bc3bb1314e9469c7241617e4345b27afc82097fdbef841",
    "https://deno.land/std@0.97.0/fmt/colors.ts": "db22b314a2ae9430ae7460ce005e0a7130e23ae1c999157e3bb77cf55800f7e4",
    "https://deno.land/std@0.97.0/hash/sha1.ts": "1cca324b4b253885a47f121adafcfac55b4cc96113e22b338e1db26f37a730b8",
    "https://deno.land/std@0.97.0/http/_io.ts": "f4446e433d8d0009851c7de20d594746de228399c382cbee65da30eb87e70827",
    "https://deno.land/std@0.97.0/http/http_status.ts": "ebaa9bebfb8adc3d7b20c49e11037e4eefd79629ad80d81383933f4cdc91b3eb",
    "https://deno.land/std@0.97.0/http/server.ts": "39414681549353ebd0665e3df4145ee0a93a989cd0f55bed14fdb2c43d2faa3b",
    "https://deno.land/std@0.97.0/io/buffer.ts": "ed3528e299fd1e0dc056c4b5005a07b28c3dabad2595f077a562ff7b06fe89a5",
    "https://deno.land/std@0.97.0/io/bufio.ts": "61d11414e83d2b504eb8ea2fca3c2670470ee2fe2e5fe82bdd81eb55dc11ac4a",
    "https://deno.land/std@0.97.0/io/ioutil.ts": "3c6b7c8be3b8cd19746de028c40063193578612244a935dcc27be9f3ff343b0c",
    "https://deno.land/std@0.97.0/io/util.ts": "318be78b7954da25f0faffe123fef0d9423ea61af98467e860c06b60265eff6d",
    "https://deno.land/std@0.97.0/path/_constants.ts": "1247fee4a79b70c89f23499691ef169b41b6ccf01887a0abd131009c5581b853",
    "https://deno.land/std@0.97.0/path/_interface.ts": "1fa73b02aaa24867e481a48492b44f2598cd9dfa513c7b34001437007d3642e4",
    "https://deno.land/std@0.97.0/path/_util.ts": "2e06a3b9e79beaf62687196bd4b60a4c391d862cfa007a20fc3a39f778ba073b",
    "https://deno.land/std@0.97.0/path/common.ts": "eaf03d08b569e8a87e674e4e265e099f237472b6fd135b3cbeae5827035ea14a",
    "https://deno.land/std@0.97.0/path/glob.ts": "314ad9ff263b895795208cdd4d5e35a44618ca3c6dd155e226fb15d065008652",
    "https://deno.land/std@0.97.0/path/mod.ts": "4465dc494f271b02569edbb4a18d727063b5dbd6ed84283ff906260970a15d12",
    "https://deno.land/std@0.97.0/path/posix.ts": "f56c3c99feb47f30a40ce9d252ef6f00296fa7c0fcb6dd81211bdb3b8b99ca3b",
    "https://deno.land/std@0.97.0/path/separator.ts": "8fdcf289b1b76fd726a508f57d3370ca029ae6976fcde5044007f062e643ff1c",
    "https://deno.land/std@0.97.0/path/win32.ts": "77f7b3604e0de40f3a7c698e8a79e7f601dc187035a1c21cb1e596666ce112f8",
    "https://deno.land/std@0.97.0/testing/_diff.ts": "961eaf6d9f5b0a8556c9d835bbc6fa74f5addd7d3b02728ba7936ff93364f7a3",
    "https://deno.land/std@0.97.0/testing/asserts.ts": "341292d12eebc44be4c3c2ca101ba8b6b5859cef2fa69d50c217f9d0bfbcfd1f",
    "https://deno.land/std@0.97.0/textproto/mod.ts": "6e8430986393e3929720cec9c6668d75dee2ffd953886e842dc124c251cb86c8",
    "https://deno.land/std@0.97.0/ws/mod.ts": "561d12475c04ed91b109e5340ca7f2cfe0421613792586c3d8a4c825ad722f59",
    "https://deno.land/std@0.99.0/_util/assert.ts": "2f868145a042a11d5ad0a3c748dcf580add8a0dbc0e876eaa0026303a5488f58",
    "https://deno.land/std@0.99.0/_util/os.ts": "e282950a0eaa96760c0cf11e7463e66babd15ec9157d4c9ed49cc0925686f6a7",
    "https://deno.land/std@0.99.0/path/_constants.ts": "1247fee4a79b70c89f23499691ef169b41b6ccf01887a0abd131009c5581b853",
    "https://deno.land/std@0.99.0/path/_interface.ts": "1fa73b02aaa24867e481a48492b44f2598cd9dfa513c7b34001437007d3642e4",
    "https://deno.land/std@0.99.0/path/_util.ts": "2e06a3b9e79beaf62687196bd4b60a4c391d862cfa007a20fc3a39f778ba073b",
    "https://deno.land/std@0.99.0/path/common.ts": "eaf03d08b569e8a87e674e4e265e099f237472b6fd135b3cbeae5827035ea14a",
    "https://deno.land/std@0.99.0/path/glob.ts": "314ad9ff263b895795208cdd4d5e35a44618ca3c6dd155e226fb15d065008652",
    "https://deno.land/std@0.99.0/path/mod.ts": "4465dc494f271b02569edbb4a18d727063b5dbd6ed84283ff906260970a15d12",
    "https://deno.land/std@0.99.0/path/posix.ts": "f56c3c99feb47f30a40ce9d252ef6f00296fa7c0fcb6dd81211bdb3b8b99ca3b",
    "https://deno.land/std@0.99.0/path/separator.ts": "8fdcf289b1b76fd726a508f57d3370ca029ae6976fcde5044007f062e643ff1c",
    "https://deno.land/std@0.99.0/path/win32.ts": "77f7b3604e0de40f3a7c698e8a79e7f601dc187035a1c21cb1e596666ce112f8",
    "https://deno.land/x/denoliver@2.3.1/404.ts": "d65b57e12c6e3b65cdae1f55a08aa8fbe01fa2eba757cd96a726a99637108a8c",
    "https://deno.land/x/denoliver@2.3.1/deps.ts": "5dd0751e26d69d855bd5348f28b5972c1d8b0af12b4c946ccf796affd53c5a3f",
    "https://deno.land/x/denoliver@2.3.1/directory.ts": "9378f0309aefebf69347cff6d3a7859274884f5d50bdee8cee702a096d6c7fdb",
    "https://deno.land/x/denoliver@2.3.1/mimes.ts": "6f3d8e5e09b150d03811aa9ba278e1a7bf7ff9cace8e70d3237d5db16abb7ad2",
    "https://deno.land/x/denoliver@2.3.1/mod.ts": "72e66f23626f6d8d16b2ce4aac3f1af69346febd3db98826d5a66a679d399903",
    "https://deno.land/x/denoliver@2.3.1/utils/boilerplate.ts": "376937b13b8fd95760b01794df2983548f77fc6911a2bfc1ba04ecb0006ae5cb",
    "https://deno.land/x/denoliver@2.3.1/utils/errors.ts": "be37f9af23f04b8f7471af0c80cdd73b4b457cde723fbd8fa2fe9c8d88b8f207",
    "https://deno.land/x/denoliver@2.3.1/utils/local-ip.ts": "20fdb2231da17841c39e9ce72d980eb032d364cc77b289ee3271ad5901e34659",
    "https://deno.land/x/denoliver@2.3.1/utils/utils.ts": "830e489677871536d2481de87405e4892601492de94c6d7d2a06658c1c7a4710",
    "https://deno.land/x/media_types@v2.7.1/db.ts": "1d95aa3fc1fe076638550640609394f0e157b18b430800e419aa7ece5c151d9c",
    "https://deno.land/x/media_types@v2.7.1/deps.ts": "cd4c31e4b5ed8c4d8c61bd2fb38a82d68d3fd2dcf6d43f22511cbe6d9d310e51",
    "https://deno.land/x/media_types@v2.7.1/mod.ts": "d63583b978d32eff8b76e1ae5d83cba2fb27baa90cc1bcb0ad15a06122ea8c19",
    "https://deno.land/x/static_files@1.1.6/mod.ts": "8a9bb05599e53864c54eb22931fe98507818517e0d69f26e099a1d8f4ef2b638",
    "https://deno.land/x/static_files@1.1.6/src/deps.ts": "fb62be7a780339157bf692a619d6d02ea9662490deca275f488f9f9db917fc4a",
    "https://deno.land/x/static_files@1.1.6/src/types.ts": "ef201288626294e9e1b8ee85cdfe2cdfb282e4d78af445df1726050dfa0c0988",
    "https://deno.land/x/static_files@1.1.6/src/utils.ts": "9e6172dc97fed01e70a6b063c5afff40e20fe726b3bae0c5f0a962bad74b7107"
  },
  "workspace": {
    "packageJson": {
      "dependencies": [
        "npm:@babel/core@^7.26.10",
        "npm:@babel/preset-env@^7.26.0",
        "npm:@babel/preset-react@^7.25.9",
        "npm:@babel/preset-typescript@^7.26.0",
        "npm:@chainsafe/libp2p-noise@^16.0.3",
        "npm:@chainsafe/libp2p-yamux@^7.0.1",
        "npm:@helia/block-brokers@^4.1.0",
        "npm:@helia/delegated-routing-v1-http-api-client@^4.2.2",
        "npm:@helia/http@^2.0.5",
        "npm:@helia/interface@5",
        "npm:@helia/routers@3",
        "npm:@helia/verified-fetch@^2.6.4",
        "npm:@libp2p/crypto@^5.0.15",
        "npm:@libp2p/dcutr@^2.0.26",
        "npm:@libp2p/identify@^3.0.26",
        "npm:@libp2p/keychain@^5.1.4",
        "npm:@libp2p/logger@^5.1.3",
        "npm:@libp2p/ping@^2.0.26",
        "npm:@libp2p/websockets@^9.2.7",
        "npm:@libp2p/webtransport@^5.0.36",
        "npm:@multiformats/dns@^1.0.6",
        "npm:@noble/hashes@^1.5.0",
        "npm:@playwright/test@^1.48.2",
        "npm:@types/react@^19.0.1",
        "npm:aegir@^45.1.3",
        "npm:cross-env@^7.0.3",
        "npm:esbuild@~0.25.2",
        "npm:execa@^9.5.2",
        "npm:glob@^11.0.1",
        "npm:helia@^5.3.0",
        "npm:http-server@^14.1.1",
        "npm:ipfs-css@^1.4.0",
        "npm:ipfsd-ctl@^15.0.2",
        "npm:it-all@^3.0.7",
        "npm:kubo-rpc-client@^5.1.0",
        "npm:kubo@~0.34.1",
        "npm:libp2p@^2.8.1",
        "npm:multiformats@^13.3.2",
        "npm:npm-run-all@^4.1.5",
        "npm:patch-package@8",
        "npm:playwright@^1.45.3",
        "npm:react-dom@19",
        "npm:react@19",
        "npm:rimraf@^6.0.1",
        "npm:tachyons@^4.12.0",
        "npm:wait-on@^8.0.3"
      ]
    }
  }
}
